
Microsoft Visual Studio Solution File, Format Version 12.00
# Visual Studio 15
VisualStudioVersion = 15.0.27130.2027
MinimumVisualStudioVersion = 10.0.40219.1
Project("{FAE04EC0-301F-11D3-BF4B-00C04F79EFBC}") = "WebApplication29", "WebApplication29\WebApplication29.csproj", "{22C73E13-DFBA-42B7-A65C-33305A43F27A}"
EndProject
Project("{E53339B2-1760-4266-BCC7-CA923CBCF16C}") = "docker-compose", "docker-compose.dcproj", "{700FDF59-08EF-4C4B-9ECA-15FB2162F36F}"
EndProject
Global
	GlobalSection(SolutionConfigurationPlatforms) = preSolution
		Debug|Any CPU = Debug|Any CPU
		Release|Any CPU = Release|Any CPU
	EndGlobalSection
	GlobalSection(ProjectConfigurationPlatforms) = postSolution
		{22C73E13-DFBA-42B7-A65C-33305A43F27A}.Debug|Any CPU.ActiveCfg = Debug|Any CPU
		{22C73E13-DFBA-42B7-A65C-33305A43F27A}.Debug|Any CPU.Build.0 = Debug|Any CPU
		{22C73E13-DFBA-42B7-A65C-33305A43F27A}.Release|Any CPU.ActiveCfg = Release|Any CPU
		{22C73E13-DFBA-42B7-A65C-33305A43F27A}.Release|Any CPU.Build.0 = Release|Any CPU
		{700FDF59-08EF-4C4B-9ECA-15FB2162F36F}.Debug|Any CPU.ActiveCfg = Debug|Any CPU
		{700FDF59-08EF-4C4B-9ECA-15FB2162F36F}.Debug|Any CPU.Build.0 = Debug|Any CPU
		{700FDF59-08EF-4C4B-9ECA-15FB2162F36F}.Release|Any CPU.ActiveCfg = Release|Any CPU
		{700FDF59-08EF-4C4B-9ECA-15FB2162F36F}.Release|Any CPU.Build.0 = Release|Any CPU
	EndGlobalSection
	GlobalSection(SolutionProperties) = preSolution
		HideSolutionNode = FALSE
	EndGlobalSection
	GlobalSection(ExtensibilityGlobals) = postSolution
		SolutionGuid = {261786DA-B30B-4A29-9B91-97976FC1DC35}
	EndGlobalSection
EndGlobal
