
Microsoft Visual Studio Solution File, Format Version 12.00
# Visual Studio 15
VisualStudioVersion = 15.0.27130.2027
MinimumVisualStudioVersion = 10.0.40219.1
Project("{FAE04EC0-301F-11D3-BF4B-00C04F79EFBC}") = "MyMVA", "MyMVA\MyMVA.csproj", "{75190EC3-99F4-4B39-91E7-EF2889BCBC0C}"
EndProject
Global
	GlobalSection(SolutionConfigurationPlatforms) = preSolution
		Debug|Any CPU = Debug|Any CPU
		Release|Any CPU = Release|Any CPU
	EndGlobalSection
	GlobalSection(ProjectConfigurationPlatforms) = postSolution
		{75190EC3-99F4-4B39-91E7-EF2889BCBC0C}.Debug|Any CPU.ActiveCfg = Debug|Any CPU
		{75190EC3-99F4-4B39-91E7-EF2889BCBC0C}.Debug|Any CPU.Build.0 = Debug|Any CPU
		{75190EC3-99F4-4B39-91E7-EF2889BCBC0C}.Release|Any CPU.ActiveCfg = Release|Any CPU
		{75190EC3-99F4-4B39-91E7-EF2889BCBC0C}.Release|Any CPU.Build.0 = Release|Any CPU
	EndGlobalSection
	GlobalSection(SolutionProperties) = preSolution
		HideSolutionNode = FALSE
	EndGlobalSection
	GlobalSection(ExtensibilityGlobals) = postSolution
		SolutionGuid = {02231CF4-16BD-4983-8DE7-97EB93355208}
	EndGlobalSection
EndGlobal
