
Microsoft Visual Studio Solution File, Format Version 12.00
# Visual Studio 15
VisualStudioVersion = 15.0.27130.2027
MinimumVisualStudioVersion = 10.0.40219.1
Project("{FAE04EC0-301F-11D3-BF4B-00C04F79EFBC}") = "WebApplication24", "WebApplication24\WebApplication24.csproj", "{518655C4-D3A3-4F7B-9572-E74EAC668CFC}"
EndProject
Global
	GlobalSection(SolutionConfigurationPlatforms) = preSolution
		Debug|Any CPU = Debug|Any CPU
		Release|Any CPU = Release|Any CPU
	EndGlobalSection
	GlobalSection(ProjectConfigurationPlatforms) = postSolution
		{518655C4-D3A3-4F7B-9572-E74EAC668CFC}.Debug|Any CPU.ActiveCfg = Debug|Any CPU
		{518655C4-D3A3-4F7B-9572-E74EAC668CFC}.Debug|Any CPU.Build.0 = Debug|Any CPU
		{518655C4-D3A3-4F7B-9572-E74EAC668CFC}.Release|Any CPU.ActiveCfg = Release|Any CPU
		{518655C4-D3A3-4F7B-9572-E74EAC668CFC}.Release|Any CPU.Build.0 = Release|Any CPU
	EndGlobalSection
	GlobalSection(SolutionProperties) = preSolution
		HideSolutionNode = FALSE
	EndGlobalSection
	GlobalSection(ExtensibilityGlobals) = postSolution
		SolutionGuid = {6425681C-EE9A-496F-A11C-3FAA042783A2}
	EndGlobalSection
EndGlobal
