
Microsoft Visual Studio Solution File, Format Version 12.00
# Visual Studio 15
VisualStudioVersion = 15.0.27130.2027
MinimumVisualStudioVersion = 10.0.40219.1
Project("{FAE04EC0-301F-11D3-BF4B-00C04F79EFBC}") = "WebApplicationAuthDemo", "WebApplicationAuthDemo\WebApplicationAuthDemo.csproj", "{4E1D7E3A-4F01-4B00-99B7-8DA8DBE182DF}"
EndProject
Global
	GlobalSection(SolutionConfigurationPlatforms) = preSolution
		Debug|Any CPU = Debug|Any CPU
		Release|Any CPU = Release|Any CPU
	EndGlobalSection
	GlobalSection(ProjectConfigurationPlatforms) = postSolution
		{4E1D7E3A-4F01-4B00-99B7-8DA8DBE182DF}.Debug|Any CPU.ActiveCfg = Debug|Any CPU
		{4E1D7E3A-4F01-4B00-99B7-8DA8DBE182DF}.Debug|Any CPU.Build.0 = Debug|Any CPU
		{4E1D7E3A-4F01-4B00-99B7-8DA8DBE182DF}.Release|Any CPU.ActiveCfg = Release|Any CPU
		{4E1D7E3A-4F01-4B00-99B7-8DA8DBE182DF}.Release|Any CPU.Build.0 = Release|Any CPU
	EndGlobalSection
	GlobalSection(SolutionProperties) = preSolution
		HideSolutionNode = FALSE
	EndGlobalSection
	GlobalSection(ExtensibilityGlobals) = postSolution
		SolutionGuid = {5EDA73A9-CC33-4DC1-84DB-C2C955AA065A}
	EndGlobalSection
EndGlobal
